
Microsoft Visual Studio Solution File, Format Version 12.00
# Visual Studio Version 17
VisualStudioVersion = 17.4.33205.214
MinimumVisualStudioVersion = 10.0.40219.1
Project("{FAE04EC0-301F-11D3-BF4B-00C04F79EFBC}") = "MTFTest", "MTFTest.csproj", "{2C17DE40-D7C1-49FD-90C6-A7469177F50A}"
EndProject
Global
	GlobalSection(SolutionConfigurationPlatforms) = preSolution
		Debug|Any CPU = Debug|Any CPU
		Release|Any CPU = Release|Any CPU
	EndGlobalSection
	GlobalSection(ProjectConfigurationPlatforms) = postSolution
		{2C17DE40-D7C1-49FD-90C6-A7469177F50A}.Debug|Any CPU.ActiveCfg = Debug|Any CPU
		{2C17DE40-D7C1-49FD-90C6-A7469177F50A}.Debug|Any CPU.Build.0 = Debug|Any CPU
		{2C17DE40-D7C1-49FD-90C6-A7469177F50A}.Release|Any CPU.ActiveCfg = Release|Any CPU
		{2C17DE40-D7C1-49FD-90C6-A7469177F50A}.Release|Any CPU.Build.0 = Release|Any CPU
	EndGlobalSection
	GlobalSection(SolutionProperties) = preSolution
		HideSolutionNode = FALSE
	EndGlobalSection
	GlobalSection(ExtensibilityGlobals) = postSolution
		SolutionGuid = {C9595F99-6075-4B2E-981B-2F55A07DF925}
	EndGlobalSection
EndGlobal
